
Microsoft Visual Studio Solution File, Format Version 12.00
# Visual Studio Version 16
VisualStudioVersion = 16.0.31424.327
MinimumVisualStudioVersion = 10.0.40219.1
Project("{9A19103F-16F7-4668-BE54-9A1E7A4F7556}") = "RecipeApp", "RecipeApp\RecipeApp.csproj", "{60127CBB-07B1-45EE-B60B-C6EDCC032329}"
EndProject
Project("{9A19103F-16F7-4668-BE54-9A1E7A4F7556}") = "Persistence", "Persistence\Persistence.csproj", "{AD627AAC-B610-4642-ACA5-22ED2F180629}"
EndProject
Project("{9A19103F-16F7-4668-BE54-9A1E7A4F7556}") = "Domain", "Domain\Domain.csproj", "{C3A56032-3A11-4835-95AF-53DD011B0035}"
EndProject
Project("{9A19103F-16F7-4668-BE54-9A1E7A4F7556}") = "Contract", "Client\Contract.csproj", "{8E099DCF-5C62-49EA-9C87-99527BB9D125}"
EndProject
Global
	GlobalSection(SolutionConfigurationPlatforms) = preSolution
		Debug|Any CPU = Debug|Any CPU
		Release|Any CPU = Release|Any CPU
	EndGlobalSection
	GlobalSection(ProjectConfigurationPlatforms) = postSolution
		{60127CBB-07B1-45EE-B60B-C6EDCC032329}.Debug|Any CPU.ActiveCfg = Debug|Any CPU
		{60127CBB-07B1-45EE-B60B-C6EDCC032329}.Debug|Any CPU.Build.0 = Debug|Any CPU
		{60127CBB-07B1-45EE-B60B-C6EDCC032329}.Release|Any CPU.ActiveCfg = Release|Any CPU
		{60127CBB-07B1-45EE-B60B-C6EDCC032329}.Release|Any CPU.Build.0 = Release|Any CPU
		{AD627AAC-B610-4642-ACA5-22ED2F180629}.Debug|Any CPU.ActiveCfg = Debug|Any CPU
		{AD627AAC-B610-4642-ACA5-22ED2F180629}.Debug|Any CPU.Build.0 = Debug|Any CPU
		{AD627AAC-B610-4642-ACA5-22ED2F180629}.Release|Any CPU.ActiveCfg = Release|Any CPU
		{AD627AAC-B610-4642-ACA5-22ED2F180629}.Release|Any CPU.Build.0 = Release|Any CPU
		{C3A56032-3A11-4835-95AF-53DD011B0035}.Debug|Any CPU.ActiveCfg = Debug|Any CPU
		{C3A56032-3A11-4835-95AF-53DD011B0035}.Debug|Any CPU.Build.0 = Debug|Any CPU
		{C3A56032-3A11-4835-95AF-53DD011B0035}.Release|Any CPU.ActiveCfg = Release|Any CPU
		{C3A56032-3A11-4835-95AF-53DD011B0035}.Release|Any CPU.Build.0 = Release|Any CPU
		{8E099DCF-5C62-49EA-9C87-99527BB9D125}.Debug|Any CPU.ActiveCfg = Debug|Any CPU
		{8E099DCF-5C62-49EA-9C87-99527BB9D125}.Debug|Any CPU.Build.0 = Debug|Any CPU
		{8E099DCF-5C62-49EA-9C87-99527BB9D125}.Release|Any CPU.ActiveCfg = Release|Any CPU
		{8E099DCF-5C62-49EA-9C87-99527BB9D125}.Release|Any CPU.Build.0 = Release|Any CPU
	EndGlobalSection
	GlobalSection(SolutionProperties) = preSolution
		HideSolutionNode = FALSE
	EndGlobalSection
	GlobalSection(ExtensibilityGlobals) = postSolution
		SolutionGuid = {F829ACEA-05E2-42B9-B4B0-A85FE4588179}
	EndGlobalSection
EndGlobal
